{
  "version": "3",
  "packages": {
    "specifiers": {
      "npm:@types/node": "npm:@types/node@18.14.1"
    },
    "npm": {
      "@types/node@18.14.1": {
        "integrity": "sha512-QH+37Qds3E0eDlReeboBxfHbX9omAcBCXEzswCu6jySP642jiM3cYSIkU/REqwhCUqXdonHFuBfJDiAJxMNhaQ==",
        "dependencies": {}
      }
    }
  },
  "redirects": {
    "https://esm.sh/@testing-library/preact/pure?dev": "https://esm.sh/@testing-library/preact@3.2.3/pure?dev",
    "https://esm.sh/preact/hooks?dev": "https://esm.sh/preact@10.19.2/hooks?dev",
    "https://esm.sh/preact?dev": "https://esm.sh/preact@10.19.2?dev"
  },
  "remote": {
    "https://deno.land/std@0.138.0/fmt/colors.ts": "30455035d6d728394781c10755351742dd731e3db6771b1843f9b9e490104d37",
    "https://deno.land/std@0.138.0/testing/_diff.ts": "029a00560b0d534bc0046f1bce4bd36b3b41ada3f2a3178c85686eb2ff5f1413",
    "https://deno.land/std@0.138.0/testing/_format.ts": "0d8dc79eab15b67cdc532826213bbe05bccfd276ca473a50a3fc7bbfb7260642",
    "https://deno.land/std@0.138.0/testing/asserts.ts": "dc7ab67b635063989b4aec8620dbcc6fa7c2465f2d9c856bddf8c0e7b45b4481",
    "https://deno.land/std@0.138.0/testing/mock.ts": "d9630b551fe59a81b3c214c1a6ccb67819b6e34fc20e3424a659528fe1f572c1",
    "https://deno.land/std@0.156.0/_util/assert.ts": "e94f2eb37cebd7f199952e242c77654e43333c1ac4c5c700e929ea3aa5489f74",
    "https://deno.land/std@0.156.0/_util/os.ts": "3b4c6e27febd119d36a416d7a97bd3b0251b77c88942c8f16ee5953ea13e2e49",
    "https://deno.land/std@0.156.0/path/_constants.ts": "df1db3ffa6dd6d1252cc9617e5d72165cd2483df90e93833e13580687b6083c3",
    "https://deno.land/std@0.156.0/path/_interface.ts": "ee3b431a336b80cf445441109d089b70d87d5e248f4f90ff906820889ecf8d09",
    "https://deno.land/std@0.156.0/path/_util.ts": "d16be2a16e1204b65f9d0dfc54a9bc472cafe5f4a190b3c8471ec2016ccd1677",
    "https://deno.land/std@0.156.0/path/common.ts": "bee563630abd2d97f99d83c96c2fa0cca7cee103e8cb4e7699ec4d5db7bd2633",
    "https://deno.land/std@0.156.0/path/glob.ts": "cb5255638de1048973c3e69e420c77dc04f75755524cb3b2e160fe9277d939ee",
    "https://deno.land/std@0.156.0/path/mod.ts": "56fec03ad0ebd61b6ab39ddb9b0ddb4c4a5c9f2f4f632e09dd37ec9ebfd722ac",
    "https://deno.land/std@0.156.0/path/posix.ts": "c1f7afe274290ea0b51da07ee205653b2964bd74909a82deb07b69a6cc383aaa",
    "https://deno.land/std@0.156.0/path/separator.ts": "fe1816cb765a8068afb3e8f13ad272351c85cbc739af56dacfc7d93d710fe0f9",
    "https://deno.land/std@0.156.0/path/win32.ts": "bd7549042e37879c68ff2f8576a25950abbfca1d696d41d82c7bca0b7e6f452c",
    "https://deno.land/std@0.170.0/_util/asserts.ts": "d0844e9b62510f89ce1f9878b046f6a57bf88f208a10304aab50efcb48365272",
    "https://deno.land/std@0.170.0/_util/os.ts": "8a33345f74990e627b9dfe2de9b040004b08ea5146c7c9e8fe9a29070d193934",
    "https://deno.land/std@0.170.0/flags/mod.ts": "4f50ec6383c02684db35de38b3ffb2cd5b9fcfcc0b1147055d1980c49e82521c",
    "https://deno.land/std@0.170.0/fs/_util.ts": "fdc156f897197f261a1c096dcf8ff9267ed0ff42bd5b31f55053a4763a4bae3b",
    "https://deno.land/std@0.170.0/fs/copy.ts": "c6303e52f544c81271c929931f5b59c9cfa4f81930719d2d3f777188c38aac9f",
    "https://deno.land/std@0.170.0/fs/empty_dir.ts": "453d6232ff109f2afb5e57ec14c3228e399205c1b408d85536aed7230290c414",
    "https://deno.land/std@0.170.0/fs/ensure_dir.ts": "5e9e3d7da7fc5b5e391e6d9ccead17086d76e82fb46ccc7cc9b9ee3491bab6e0",
    "https://deno.land/std@0.170.0/fs/ensure_file.ts": "76ef3a8ebef60d8da1fc4316fcb8e20c1b6f52b1baed3a9692ad3b0d1a9a1b03",
    "https://deno.land/std@0.170.0/fs/ensure_link.ts": "adc8919063e26819f5971a0010fedc1bfd71d6350a24db1a36dff432bc35c7d7",
    "https://deno.land/std@0.170.0/fs/ensure_symlink.ts": "5273557b8c50be69477aa9cb003b54ff2240a336db52a40851c97abce76b96ab",
    "https://deno.land/std@0.170.0/fs/eol.ts": "6e784ff8120c8d5589cb258e56dc39bc5b408ac9827a2e914163cbf9f2e3ce92",
    "https://deno.land/std@0.170.0/fs/exists.ts": "6a447912e49eb79cc640adacfbf4b0baf8e17ede6d5bed057062ce33c4fa0d68",
    "https://deno.land/std@0.170.0/fs/expand_glob.ts": "3a92ee4921d2b063b8dfefd1d87c35bf81126f0f1cb16e5a0f4e9ecb88ec6fe3",
    "https://deno.land/std@0.170.0/fs/mod.ts": "79c209c6e66903b3426f9245a4f216380a0ed47ffe9d253f5a61a0bc9ad1f314",
    "https://deno.land/std@0.170.0/fs/move.ts": "02ab1fc9b744da8b496f406e9fc77b0bf7960b6faaa7ec9f5fb0a129e5bef215",
    "https://deno.land/std@0.170.0/fs/walk.ts": "677eac2e5386217a7a4e7526769ae28b41ff4ae7a3cd0389f3aa4eb662545edd",
    "https://deno.land/std@0.170.0/path/_constants.ts": "df1db3ffa6dd6d1252cc9617e5d72165cd2483df90e93833e13580687b6083c3",
    "https://deno.land/std@0.170.0/path/_interface.ts": "ee3b431a336b80cf445441109d089b70d87d5e248f4f90ff906820889ecf8d09",
    "https://deno.land/std@0.170.0/path/_util.ts": "d16be2a16e1204b65f9d0dfc54a9bc472cafe5f4a190b3c8471ec2016ccd1677",
    "https://deno.land/std@0.170.0/path/common.ts": "bee563630abd2d97f99d83c96c2fa0cca7cee103e8cb4e7699ec4d5db7bd2633",
    "https://deno.land/std@0.170.0/path/glob.ts": "81cc6c72be002cd546c7a22d1f263f82f63f37fe0035d9726aa96fc8f6e4afa1",
    "https://deno.land/std@0.170.0/path/mod.ts": "cf7cec7ac11b7048bb66af8ae03513e66595c279c65cfa12bfc07d9599608b78",
    "https://deno.land/std@0.170.0/path/posix.ts": "b859684bc4d80edfd4cad0a82371b50c716330bed51143d6dcdbe59e6278b30c",
    "https://deno.land/std@0.170.0/path/separator.ts": "fe1816cb765a8068afb3e8f13ad272351c85cbc739af56dacfc7d93d710fe0f9",
    "https://deno.land/std@0.170.0/path/win32.ts": "7cebd2bda6657371adc00061a1d23fdd87bcdf64b4843bb148b0b24c11b40f69",
    "https://deno.land/x/bext@v0.1.2/mock_browser/main.ts": "58a817b10d52d151adf12d02131c9e17271f7476dc8813aacadbe5a1d6ab12a7",
    "https://deno.land/x/bext@v0.1.2/mod.ts": "e314c55b7ffa8639e086a1bc9819416e9cafb07ad4f960850ad2a448eaa9c5c2",
    "https://deno.land/x/bext@v0.1.2/types/browser_api.ts": "03d759262f879bb39bf5e1937231d1c2bab190d832956676a3d14b26728ff1b7",
    "https://deno.land/x/bext@v0.1.2/types/browser_api_modules/event.ts": "aba4560d7f6c7ecb9831d594621b9e344a488c39ad667936e114803491a8b3ee",
    "https://deno.land/x/bext@v0.1.2/types/browser_api_modules/manifest.ts": "ad032694be806d3d100eb685ccc39d03850d6d3eaf10a3061247edf51dbc4131",
    "https://deno.land/x/bext@v0.1.2/types/browser_api_modules/permissions.ts": "c7b62554e3aa46bcdaf3c9b39580a204ac48c1abf8158ca11d736e70abb44a68",
    "https://deno.land/x/bext@v0.1.2/types/browser_api_modules/platform.ts": "35a745dbc586ae967aca8388c0d5423d0b45f7cc48f23f20d778fa86c597d318",
    "https://deno.land/x/bext@v0.1.2/types/browser_api_modules/runtime.ts": "defc23fb34396f1c87de682e7bc36f03e0efa096a0d42b77db0bf730ff14c0da",
    "https://deno.land/x/bext@v0.1.2/types/browser_api_modules/storage.ts": "7c17ca08ea2ab7d9b0abbb12ae8c3e8fb133ebfad77e3a83df6c5b013dbcbab1",
    "https://deno.land/x/bext@v0.1.2/types/browser_api_modules/tabs.ts": "b49b2c1c281fba39a6409fb5544b75bc4b1b5ce15c3b2bc7980320defdfeda8d",
    "https://deno.land/x/bext@v0.1.2/types/browser_api_modules/web_request.ts": "bf236abf029f796d2b62c5d0dda17734a8dbc86f48c7e79ac6a8e3a3cc7da8e8",
    "https://deno.land/x/bext@v0.1.2/types/browser_api_modules/windows.ts": "2e93dcb8aa587673d5af62195470e852b73b08f0d88881d24276aaea502c9a87",
    "https://deno.land/x/bext@v0.1.2/types/manifest.ts": "e3b0c44298fc1c149afbf4c8996fb92427ae41e4649b934ca495991b7852b855",
    "https://deno.land/x/bext@v0.1.2/utilities/predicates.ts": "4c6460bf27aa4b53f519bea3daa05df3ab1d6c13b1d7499343f396f70a478eca",
    "https://deno.land/x/deno_dom@v0.1.32-alpha/build/deno-wasm/deno-wasm.js": "b3ba6f2047b5fd8424292408c6c6ad2cb8c56a22984fdaceea2333a727bece25",
    "https://deno.land/x/deno_dom@v0.1.32-alpha/deno-dom-wasm.ts": "bfd999a493a6974e9fca4d331bee03bfb68cfc600c662cd0b48b21d67a2a8ba0",
    "https://deno.land/x/deno_dom@v0.1.32-alpha/src/api.ts": "0ff5790f0a3eeecb4e00b7d8fbfa319b165962cf6d0182a65ba90f158d74f7d7",
    "https://deno.land/x/deno_dom@v0.1.32-alpha/src/constructor-lock.ts": "59714df7e0571ec7bd338903b1f396202771a6d4d7f55a452936bd0de9deb186",
    "https://deno.land/x/deno_dom@v0.1.32-alpha/src/deserialize.ts": "f4d34514ca00473ca428b69ad437ba345925744b5d791cb9552e2d7a0e7b0439",
    "https://deno.land/x/deno_dom@v0.1.32-alpha/src/dom/document-fragment.ts": "a40c6e18dd0efcf749a31552c1c9a6f7fa614452245e86ee38fc92ba0235e5ae",
    "https://deno.land/x/deno_dom@v0.1.32-alpha/src/dom/document.ts": "9f1d7bcd67d14d35a181ff044ad0c5f21fdad8b5dab87831e4e39ae5bf291383",
    "https://deno.land/x/deno_dom@v0.1.32-alpha/src/dom/dom-parser.ts": "609097b426f8c2358f3e5d2bca55ed026cf26cdf86562e94130dfdb0f2537f92",
    "https://deno.land/x/deno_dom@v0.1.32-alpha/src/dom/element.ts": "1ce1b47ff50946c8669211a10b22958fd0e1e579add8fd3894e0d8c94055f63e",
    "https://deno.land/x/deno_dom@v0.1.32-alpha/src/dom/elements/html-template-element.ts": "19ad97c55222115e8daaca2788b9c98cc31a7f9d2547ed5bca0c56a4a12bfec8",
    "https://deno.land/x/deno_dom@v0.1.32-alpha/src/dom/html-collection.ts": "ae90197f5270c32074926ad6cf30ee07d274d44596c7e413c354880cebce8565",
    "https://deno.land/x/deno_dom@v0.1.32-alpha/src/dom/node-list.ts": "d9c07baf0acc383112cbabafacf26a0aedb04d0866645e7485f5ab23e470b6f8",
    "https://deno.land/x/deno_dom@v0.1.32-alpha/src/dom/node.ts": "338f7555b159e570ab577596ad5252a4d946f04edcc245fca98bda348966b2ce",
    "https://deno.land/x/deno_dom@v0.1.32-alpha/src/dom/selectors/custom-api.ts": "852696bd58e534bc41bd3be9e2250b60b67cd95fd28ed16b1deff1d548531a71",
    "https://deno.land/x/deno_dom@v0.1.32-alpha/src/dom/selectors/nwsapi-types.ts": "c43b36c36acc5d32caabaa54fda8c9d239b2b0fcbce9a28efb93c84aa1021698",
    "https://deno.land/x/deno_dom@v0.1.32-alpha/src/dom/selectors/nwsapi.js": "985d7d8fc1eabbb88946b47a1c44c1b2d4aa79ff23c21424219f1528fa27a2ff",
    "https://deno.land/x/deno_dom@v0.1.32-alpha/src/dom/selectors/selectors.ts": "83eab57be2290fb48e3130533448c93c6c61239f2a2f3b85f1917f80ca0fdc75",
    "https://deno.land/x/deno_dom@v0.1.32-alpha/src/dom/selectors/sizzle-types.ts": "78149e2502409989ce861ed636b813b059e16bc267bb543e7c2b26ef43e4798b",
    "https://deno.land/x/deno_dom@v0.1.32-alpha/src/dom/selectors/sizzle.js": "c3aed60c1045a106d8e546ac2f85cc82e65f62d9af2f8f515210b9212286682a",
    "https://deno.land/x/deno_dom@v0.1.32-alpha/src/dom/utils-types.ts": "96db30e3e4a75b194201bb9fa30988215da7f91b380fca6a5143e51ece2a8436",
    "https://deno.land/x/deno_dom@v0.1.32-alpha/src/dom/utils.ts": "9a21e6be3d16160d9ce69a42d37fb26708d8b77e0e4e7fedfa849224bd3eac8b",
    "https://deno.land/x/deno_dom@v0.1.32-alpha/src/parser.ts": "b65eb7e673fa7ca611de871de109655f0aa9fa35ddc1de73df1a5fc2baafc332",
    "https://deno.land/x/denoflate@1.2.1/mod.ts": "f5628e44b80b3d80ed525afa2ba0f12408e3849db817d47a883b801f9ce69dd6",
    "https://deno.land/x/denoflate@1.2.1/pkg/denoflate.js": "b9f9ad9457d3f12f28b1fb35c555f57443427f74decb403113d67364e4f2caf4",
    "https://deno.land/x/denoflate@1.2.1/pkg/denoflate_bg.wasm.js": "d581956245407a2115a3d7e8d85a9641c032940a8e810acbd59ca86afd34d44d",
    "https://deno.land/x/esbuild@v0.15.10/mod.d.ts": "12e96a8d05c8e2c5638aa9cb09f24222134d437abb2f3f52de0156adb2270719",
    "https://deno.land/x/esbuild@v0.15.10/mod.js": "b6076f05f58057025ce0eddb404a4da3b7a0e3768c53f6c87959c8c32240e9cd",
    "https://deno.land/x/esbuild_deno_loader@0.6.0/deps.ts": "fe86f62cb954edc2580868cdc3292d4446f22cd2c4eedbf8ee26513fdf74e343",
    "https://deno.land/x/esbuild_deno_loader@0.6.0/mod.ts": "5d8a429b26c70f9fd522a8629e751f3bdf63680da473e537bc420d552ee3bf0b",
    "https://deno.land/x/esbuild_deno_loader@0.6.0/src/deno.ts": "0e83ccabbe2b004389288e38df2031b79eb347df2d139fce9394d8e88a11f259",
    "https://deno.land/x/esbuild_deno_loader@0.6.0/src/native_loader.ts": "343854a566cf510cf25144f7c09fc0c1097780a31830305142a075d12bb697ba",
    "https://deno.land/x/esbuild_deno_loader@0.6.0/src/portable_loader.ts": "35b6c526eed8c2c781a3256b23c30aa7cce69c0ef1d583c15528663287ba18a3",
    "https://deno.land/x/esbuild_deno_loader@0.6.0/src/shared.ts": "b64749cd8c0f6252a11498bd8758ef1220003e46b2c9b68e16da63fd7e92b13a",
    "https://deno.land/x/importmap@0.2.1/_util.ts": "ada9a9618b537e6c0316c048a898352396c882b9f2de38aba18fd3f2950ede89",
    "https://deno.land/x/importmap@0.2.1/mod.ts": "ae3d1cd7eabd18c01a4960d57db471126b020f23b37ef14e1359bbb949227ade",
    "https://esm.sh/@testing-library/preact@3.2.3/pure?dev": "d045b9d994d3f7d806c1c0ddb5c313a2fdf6e0714bc555fe5ae9523a264575b9",
    "https://esm.sh/preact@10.19.2/hooks?dev": "c617232787aebf686d7cf964a32a324770f8d1577b128f85a91a1ed96830ff4f",
    "https://esm.sh/preact@10.19.2?dev": "fda5221e032db8c4db439041e409e41b2b620fc15e55a9efeba7f3ecc4db59a8",
    "https://esm.sh/stable/preact@10.18.1/denonext/hooks.development.js": "0da0316c032c12bad886b49378ad27783fdf86e4accc87f27feb2f27819960e5",
    "https://esm.sh/stable/preact@10.18.1/denonext/preact.development.mjs": "fa5798e242d1fa6e9ead62aa3e3d9b8666ebaa82d2ee51aa31024d1c60478a14",
    "https://esm.sh/stable/preact@10.18.1/denonext/test-utils.development.js": "ced07814804c1524cbb582d5006850929ae0052325b9830e56ea25f457e9b148",
    "https://esm.sh/stable/preact@10.19.2/denonext/hooks.development.js": "5b147436107e8eabaf1064c9b447ad42f55b928a7b039358aeb89e4db23099cc",
    "https://esm.sh/stable/preact@10.19.2/denonext/preact.development.mjs": "93642d74fec242b99666f1ffd6b70a545a8f6786cb946656eb37c3fe1cec0faf",
    "https://esm.sh/v133/@testing-library/dom@8.20.1/denonext/dom.development.mjs": "eddf3586e726ceed06d4b56151492e392b6fc50001a731214f4c2810418f94bf",
    "https://esm.sh/v133/@testing-library/preact@3.2.3/denonext/pure.development.js": "853adbc6cc2aead78bc904a270386c733627eb83cee053f7bd878eebdad85916",
    "https://esm.sh/v133/ansi-regex@5.0.1/denonext/ansi-regex.development.mjs": "6c8d43583fa08d435bc24b836b54b1ed7b3a3b892c94f35f1b3c62f0963f517a",
    "https://esm.sh/v133/ansi-styles@5.2.0/denonext/ansi-styles.development.mjs": "b85b3015a23297bd6c561268aa41ebf70d7cf11d90943822a5486f899ddd0a51",
    "https://esm.sh/v133/aria-query@5.1.3/denonext/aria-query.development.mjs": "85e8a05cee351ac8aca2a660d174d3539cf592d170614c3e14a577c77ed69111",
    "https://esm.sh/v133/array-buffer-byte-length@1.0.0/denonext/array-buffer-byte-length.development.mjs": "e96c1e26820d29c081aee2bc64304fd46eae179b91a25c63d0b2ed62fb801e71",
    "https://esm.sh/v133/available-typed-arrays@1.0.5/denonext/available-typed-arrays.development.mjs": "1e44dd453cb887dd1ee1e5f64aedda89eb8b35ae29983910e6ad124bec14c286",
    "https://esm.sh/v133/call-bind@1.0.2/denonext/call-bind.development.mjs": "4c9ee546b5ecb38278d01333cc52abb6acdb7d71a71b6bc3a879e9912545e3e5",
    "https://esm.sh/v133/call-bind@1.0.2/denonext/callBound.development.js": "25688296d0efad8e630e7ba96420d3f791628fedb8cf883e4487a7b8723b427a",
    "https://esm.sh/v133/deep-equal@2.2.2/denonext/deep-equal.development.mjs": "7b9daf68abb715f8f02833378dcec80adb7076eebe3e656612abb012b3d4697f",
    "https://esm.sh/v133/define-data-property@1.1.0/denonext/define-data-property.development.mjs": "516ab8cb9b0f911119ee53afd9c12446154b99e34e57ce24ea4beb7aba6ba26e",
    "https://esm.sh/v133/define-properties@1.2.1/denonext/define-properties.development.mjs": "9c4033f2594beedab9d4e97c497ec70778e76d9aa56cb6bb2ddb5e095d05299a",
    "https://esm.sh/v133/dom-accessibility-api@0.5.16/denonext/dom-accessibility-api.development.mjs": "5bea63ca3ced644f0c0147a24c0c6ee17999d4868036bd5f3f56af69f2fa5f15",
    "https://esm.sh/v133/es-get-iterator@1.1.3/denonext/es-get-iterator.development.mjs": "b0561a46a5b992030583378f7f4ce88951d57cdf40d664dfa9d8dade7f6c96bc",
    "https://esm.sh/v133/for-each@0.3.3/denonext/for-each.development.mjs": "31e3b4a4d1d373420dde2e327d4e343a952dc4eda197e0b8a783513b88d089cf",
    "https://esm.sh/v133/function-bind@1.1.2/denonext/function-bind.development.mjs": "fa09beb87b66ea5f4ffae79d5486970d0b2d7aef1ddce2a62f813df7a47a406a",
    "https://esm.sh/v133/functions-have-names@1.2.3/denonext/functions-have-names.development.mjs": "1aaf678c24a44fa3cd2b751773805f6bc3a37f399f5698e358ff856f4e30fe9c",
    "https://esm.sh/v133/get-intrinsic@1.2.1/denonext/get-intrinsic.development.mjs": "1e181afaee499d7a7de141fc74172fc6067098eca7d1e2080121b0244925173d",
    "https://esm.sh/v133/gopd@1.0.1/denonext/gopd.development.mjs": "47c79552e60850d76e64fe7ff0a1d1b814b7e1e65e524a2ed59d542961c2b5c3",
    "https://esm.sh/v133/has-bigints@1.0.2/denonext/has-bigints.development.mjs": "ee00d0cf8f81b80354e3cf5b4b12559865c45f2c1b1e8ccbfbcec1cc223bcaef",
    "https://esm.sh/v133/has-property-descriptors@1.0.0/denonext/has-property-descriptors.development.mjs": "2453f464272424c6969e6d665ea3228bc900a7a96addef162c19c4e23a9fd99d",
    "https://esm.sh/v133/has-proto@1.0.1/denonext/has-proto.development.mjs": "c6746cc6d91ed1908688ac04561f4a55d95346260a4d6851d31df60a5b15f6f8",
    "https://esm.sh/v133/has-symbols@1.0.3/denonext/has-symbols.development.mjs": "380ebd84fdc009d46fc32efb0974f16fb11abb6ec70fd93975f4ce13929c0465",
    "https://esm.sh/v133/has-symbols@1.0.3/denonext/shams.development.js": "e59d3f63d029df52768eeda7598872a34da86aa53245749e10da079e950ae443",
    "https://esm.sh/v133/has-tostringtag@1.0.0/denonext/shams.development.js": "ca4a6ee04be5262eb5997022357d746233383f0cfa85c021d6885a6a96aff5ec",
    "https://esm.sh/v133/has@1.0.4/denonext/has.development.mjs": "99196f8ffa27ca4a79925cba91e5d0ad790c2aa0bba6ed45762debac1edbe38f",
    "https://esm.sh/v133/internal-slot@1.0.5/denonext/internal-slot.development.mjs": "e18b9de0efad1e366cca19889ffe7891d93ef15a819483eddb4bd107c0866667",
    "https://esm.sh/v133/is-arguments@1.1.1/denonext/is-arguments.development.mjs": "15e921ac107c61a4b4570525ca185db59db0e5749ef09fd2b563b72d28301334",
    "https://esm.sh/v133/is-array-buffer@3.0.2/denonext/is-array-buffer.development.mjs": "cb311f2015dee0be24ea0543716eba7c0fcfa02ddae78b810a660b67203b71ca",
    "https://esm.sh/v133/is-bigint@1.0.4/denonext/is-bigint.development.mjs": "f3db055c6108df8a6cde46868b9561c2cadb20569bba03f86c99483926b6d424",
    "https://esm.sh/v133/is-boolean-object@1.1.2/denonext/is-boolean-object.development.mjs": "0a947a2754342113bb7553f069db3484793312f4c55e234302d7f3e97f860575",
    "https://esm.sh/v133/is-callable@1.2.7/denonext/is-callable.development.mjs": "91c345ca01e869080f5a186940b4b569855e0a6081dac2e74c4a9d89b5a01c4f",
    "https://esm.sh/v133/is-date-object@1.0.5/denonext/is-date-object.development.mjs": "1ec0579baa20b0357d77137b65f9b8c42898294211734901e85e09ce4c250628",
    "https://esm.sh/v133/is-map@2.0.2/denonext/is-map.development.mjs": "61dfde9084553506173acd743021ef5d6abfe35adea03bec8da7fa9f1a9cfe59",
    "https://esm.sh/v133/is-number-object@1.0.7/denonext/is-number-object.development.mjs": "d341621b19b8ddd75bde88de9628a79930e85cadced587aa0df83f9749be4cbf",
    "https://esm.sh/v133/is-regex@1.1.4/denonext/is-regex.development.mjs": "430ef4b05ebe9ca8819b9fdc1959a3d4232a32041f2cde872092aad910e4b06e",
    "https://esm.sh/v133/is-set@2.0.2/denonext/is-set.development.mjs": "979e187047696ccb3d7bb4861a381b4df8edc38086874bcf66b3bf75c2e109c8",
    "https://esm.sh/v133/is-shared-array-buffer@1.0.2/denonext/is-shared-array-buffer.development.mjs": "39981d1be0a1e5e66fce56827959f161086534f4c44751a3ce85239bf8b72ee4",
    "https://esm.sh/v133/is-string@1.0.7/denonext/is-string.development.mjs": "b12d98a152a05faaf4cae93dd3dc751c369ad79ab06a1c16a3e6333d9feba1d9",
    "https://esm.sh/v133/is-symbol@1.0.4/denonext/is-symbol.development.mjs": "6169609434d7e598264ebbeb0432ddf29828d79e7c80bc3e31c187288c2a253a",
    "https://esm.sh/v133/is-typed-array@1.1.12/denonext/is-typed-array.development.mjs": "9b098615703d44178a6c26a0d1ae3a07245535edcfe67f9ceca4d08cc1ac2600",
    "https://esm.sh/v133/is-weakmap@2.0.1/denonext/is-weakmap.development.mjs": "34c82304ea9e48594d586fd11702765a9916d6c6967e3fe6aa5850786b8e7395",
    "https://esm.sh/v133/is-weakset@2.0.2/denonext/is-weakset.development.mjs": "d07fe9f1be781d723cd2307a6f6e42c87477d05a5f087c70016f675bb8fbffc2",
    "https://esm.sh/v133/isarray@2.0.5/denonext/isarray.development.mjs": "2b82b0b5e3eeb6d4247f44297ab77a6e20bd194f6bef229c8fded844df029232",
    "https://esm.sh/v133/lz-string@1.5.0/denonext/lz-string.development.mjs": "d4f860ccbca282abf385535b0947795e8f4241956ef5a6a38015c5de32635b0e",
    "https://esm.sh/v133/object-inspect@1.13.0/denonext/object-inspect.development.mjs": "1b7e58618ada436279dfc8d5bab7443e192830f4a3427e27a76f7d2a6862c08c",
    "https://esm.sh/v133/object-is@1.1.5/denonext/object-is.development.mjs": "03ae19e3239ecdeb30d24d06aab9fe1578e2de2ebd5e7139662ce5caf90b3da7",
    "https://esm.sh/v133/object-keys@1.1.1/denonext/object-keys.development.mjs": "7def11cd92cb561392dbaa0aa6c6ab43236e62ec6e677624b142d10bcb7aa768",
    "https://esm.sh/v133/object.assign@4.1.4/denonext/object.assign.development.mjs": "38c79b697bb9d644834b572304a4a8acb1438bbd5fb4bbbdc717911db2df98e2",
    "https://esm.sh/v133/pretty-format@27.5.1/denonext/pretty-format.development.mjs": "a6e06f85c4eb25d1de69ccd208cb23c4fd802dd5e3895c538305b8642d7320e3",
    "https://esm.sh/v133/react-is@17.0.2/denonext/react-is.development.mjs": "3539e19f6a6ec8452592536a295778ab1e2d691388ad1adc910994386f650754",
    "https://esm.sh/v133/regexp.prototype.flags@1.5.1/denonext/regexp.prototype.flags.development.mjs": "81dfde7e8cec18d7bd2a7a1afb662202a0a2a464fdba4bc3cc670b8faf2a11a7",
    "https://esm.sh/v133/set-function-name@2.0.1/denonext/set-function-name.development.mjs": "38bc9ee8c06bcb6bf68b3cf57dec745c76caaf2382db0bc3061ee596e1288df5",
    "https://esm.sh/v133/side-channel@1.0.4/denonext/side-channel.development.mjs": "4a97f390439b107b3ad112cc21f92b27092ba91e07316952e637f0d19afa8ff4",
    "https://esm.sh/v133/stop-iteration-iterator@1.0.0/denonext/stop-iteration-iterator.development.mjs": "3f04850f99de90db7d34a55974ec3d72846f59a7683cd84fcc6e1f6dfe3754c1",
    "https://esm.sh/v133/which-boxed-primitive@1.0.2/denonext/which-boxed-primitive.development.mjs": "a8f36ee01bfbdbf303c0f5027ba1cf8433e67bb0ccad163f157e0260b2c95490",
    "https://esm.sh/v133/which-collection@1.0.1/denonext/which-collection.development.mjs": "f0d392453f95b05a57e10adda403b303a106b69f2f4df8f79639051550e4cd4a",
    "https://esm.sh/v133/which-typed-array@1.1.11/denonext/which-typed-array.development.mjs": "73b0c11a095ab9b9ef462b1d7447ae42f53001236941f550ba00c098ed3e9a21"
  }
}
